PODS:
  - Braintree/Apple-Pay (4.30.2):
    - Braintree/Core
  - Braintree/Card (4.30.2):
    - Braintree/Core
  - Braintree/Core (4.30.2)
  - Braintree/PaymentFlow (4.30.2):
    - Braintree/Card
    - Braintree/Core
    - Braintree/PayPalOneTouch
  - Braintree/PayPal (4.30.2):
    - Braintree/Core
    - Braintree/PayPalOneTouch
  - Braintree/PayPalDataCollector (4.30.2):
    - Braintree/Core
    - Braintree/PayPalUtils
  - Braintree/PayPalOneTouch (4.30.2):
    - Braintree/Core
    - Braintree/PayPalDataCollector
    - Braintree/PayPalUtils
  - Braintree/PayPalUtils (4.30.2)
  - Braintree/UnionPay (4.30.2):
    - Braintree/Card
    - Braintree/Core
  - braintree_payment (1.0.2):
    - Braintree/Apple-Pay
    - Braintree/PayPal
    - BraintreeDropIn
    - Flutter
  - BraintreeDropIn (7.5.0):
    - BraintreeDropIn/DropIn (= 7.5.0)
  - BraintreeDropIn/DropIn (7.5.0):
    - Braintree/Card (~> 4.30)
    - Braintree/Core (~> 4.30)
    - Braintree/PaymentFlow (~> 4.30)
    - Braintree/PayPal (~> 4.30)
    - Braintree/UnionPay (~> 4.30)
    - BraintreeDropIn/UIKit
  - BraintreeDropIn/UIKit (7.5.0)

  - Flutter (1.0.0)

DEPENDENCIES:
  - braintree_payment (from `.symlinks/plugins/braintree_payment/ios`)
  - Flutter (from `Flutter`)

SPEC REPOS:
  trunk:
    - Braintree
    - BraintreeDropIn

EXTERNAL SOURCES:
  braintree_payment:
    :path: ".symlinks/plugins/braintree_payment/ios"
  Flutter:
    :path: Flutter

SPEC CHECKSUMS:
  Braintree: 9fc21dc2ead57d104c4a0743454308e404217ec7
  braintree_payment: d4a57a529b39a42c9b07b8e2d762ca9202309630
  BraintreeDropIn: 15d6f53bf80bc0ae7809ab17803100c0a5448fd2
  Flutter: 0e3d915762c693b495b44d77113d4970485de6ec

PODFILE CHECKSUM: 3dbe063e9c90a5d7c9e4e76e70a821b9e2c1d271

COCOAPODS: 1.8.4
